<?xml version="1.0" encoding="utf-8"?>
<Project ToolsVersion="4.0" xmlns="http://schemas.microsoft.com/developer/msbuild/2003">
  <ItemGroup>
    <Filter Include="Source Files">
      <UniqueIdentifier>{1c3ba25c-335e-4fcd-9834-3be7f43ae261}</UniqueIdentifier>
      <Extensions>cpp;c;cxx;rc;def;r;odl;hpj;bat;for;f90;mc</Extensions>
    </Filter>
    <Filter Include="Header Files">
      <UniqueIdentifier>{f2326efc-cdc5-4f9b-9abe-df7255b0f327}</UniqueIdentifier>
      <Extensions>h;hpp;hxx;hm;inl;fi;fd</Extensions>
    </Filter>
    <Filter Include="Resource Files">
      <UniqueIdentifier>{ba92d4b2-1fc1-41cc-8c2e-78611ed91b2e}</UniqueIdentifier>
    </Filter>
  </ItemGroup>
  <ItemGroup>
    <ClCompile Include="TestSrvMsg.cpp">
      <Filter>Source Files</Filter>
    </ClCompile>
  </ItemGroup>
  <ItemGroup>
    <ResourceCompile Include="TestSrvMsg.rc">
      <Filter>Resource Files</Filter>
    </ResourceCompile>
  </ItemGroup>
  <ItemGroup>
    <CustomBuild Include="ntserv_msg.mc">
      <Filter>Resource Files</Filter>
    </CustomBuild>
  </ItemGroup>
</Project>